// !$*UTF8*$!
{
	archiveVersion = 1;
	classes = {
	};
	objectVersion = 50;
	objects = {

/* Begin PBXBuildFile section */
		0C1E183E210B076F00BA3EBF /* AppDelegate.swift in Sources */ = {isa = PBXBuildFile; fileRef = 0C1E183D210B076F00BA3EBF /* AppDelegate.swift */; };
		0C1E1840210B076F00BA3EBF /* ViewController.swift in Sources */ = {isa = PBXBuildFile; fileRef = 0C1E183F210B076F00BA3EBF /* ViewController.swift */; };
		0C1E1843210B076F00BA3EBF /* Main.storyboard in Resources */ = {isa = PBXBuildFile; fileRef = 0C1E1841210B076F00BA3EBF /* Main.storyboard */; };
		0C1E1845210B077000BA3EBF /* Assets.xcassets in Resources */ = {isa = PBXBuildFile; fileRef = 0C1E1844210B077000BA3EBF /* Assets.xcassets */; };
		0C1E1848210B077000BA3EBF /* LaunchScreen.storyboard in Resources */ = {isa = PBXBuildFile; fileRef = 0C1E1846210B077000BA3EBF /* LaunchScreen.storyboard */; };
		0C1E1853210B077000BA3EBF /* PageControllerImagesExampleTests.swift in Sources */ = {isa = PBXBuildFile; fileRef = 0C1E1852210B077000BA3EBF /* PageControllerImagesExampleTests.swift */; };
		0C1E185E210B077000BA3EBF /* PageControllerImagesExampleUITests.swift in Sources */ = {isa = PBXBuildFile; fileRef = 0C1E185D210B077000BA3EBF /* PageControllerImagesExampleUITests.swift */; };
/* End PBXBuildFile section */

/* Begin PBXContainerItemProxy section */
		0C1E184F210B077000BA3EBF /* PBXContainerItemProxy */ = {
			isa = PBXContainerItemProxy;
			containerPortal = 0C1E1832210B076F00BA3EBF /* Project object */;
			proxyType = 1;
			remoteGlobalIDString = 0C1E1839210B076F00BA3EBF;
			remoteInfo = PageControllerImagesExample;
		};
		0C1E185A210B077000BA3EBF /* PBXContainerItemProxy */ = {
			isa = PBXContainerItemProxy;
			containerPortal = 0C1E1832210B076F00BA3EBF /* Project object */;
			proxyType = 1;
			remoteGlobalIDString = 0C1E1839210B076F00BA3EBF;
			remoteInfo = PageControllerImagesExample;
		};
/* End PBXContainerItemProxy section */

/* Begin PBXFileReference section */
		0C1E183A210B076F00BA3EBF /* PageControllerImagesExample.app */ = {isa = PBXFileReference; explicitFileType = wrapper.application; includeInIndex = 0; path = PageControllerImagesExample.app; sourceTree = BUILT_PRODUCTS_DIR; };
		0C1E183D210B076F00BA3EBF /* AppDelegate.swift */ = {isa = PBXFileReference; lastKnownFileType = sourcecode.swift; path = AppDelegate.swift; sourceTree = "<group>"; };
		0C1E183F210B076F00BA3EBF /* ViewController.swift */ = {isa = PBXFileReference; lastKnownFileType = sourcecode.swift; path = ViewController.swift; sourceTree = "<group>"; };
		0C1E1842210B076F00BA3EBF /* Base */ = {isa = PBXFileReference; lastKnownFileType = file.storyboard; name = Base; path = Base.lproj/Main.storyboard; sourceTree = "<group>"; };
		0C1E1844210B077000BA3EBF /* Assets.xcassets */ = {isa = PBXFileReference; lastKnownFileType = folder.assetcatalog; path = Assets.xcassets; sourceTree = "<group>"; };
		0C1E1847210B077000BA3EBF /* Base */ = {isa = PBXFileReference; lastKnownFileType = file.storyboard; name = Base; path = Base.lproj/LaunchScreen.storyboard; sourceTree = "<group>"; };
		0C1E1849210B077000BA3EBF /* Info.plist */ = {isa = PBXFileReference; lastKnownFileType = text.plist.xml; path = Info.plist; sourceTree = "<group>"; };
		0C1E184E210B077000BA3EBF /* PageControllerImagesExampleTests.xctest */ = {isa = PBXFileReference; explicitFileType = wrapper.cfbundle; includeInIndex = 0; path = PageControllerImagesExampleTests.xctest; sourceTree = BUILT_PRODUCTS_DIR; };
		0C1E1852210B077000BA3EBF /* PageControllerImagesExampleTests.swift */ = {isa = PBXFileReference; lastKnownFileType = sourcecode.swift; path = PageControllerImagesExampleTests.swift; sourceTree = "<group>"; };
		0C1E1854210B077000BA3EBF /* Info.plist */ = {isa = PBXFileReference; lastKnownFileType = text.plist.xml; path = Info.plist; sourceTree = "<group>"; };
		0C1E1859210B077000BA3EBF /* PageControllerImagesExampleUITests.xctest */ = {isa = PBXFileReference; explicitFileType = wrapper.cfbundle; includeInIndex = 0; path = PageControllerImagesExampleUITests.xctest; sourceTree = BUILT_PRODUCTS_DIR; };
		0C1E185D210B077000BA3EBF /* PageControllerImagesExampleUITests.swift */ = {isa = PBXFileReference; lastKnownFileType = sourcecode.swift; path = PageControllerImagesExampleUITests.swift; sourceTree = "<group>"; };
		0C1E185F210B077000BA3EBF /* Info.plist */ = {isa = PBXFileReference; lastKnownFileType = text.plist.xml; path = Info.plist; sourceTree = "<group>"; };
/* End PBXFileReference section */

/* Begin PBXFrameworksBuildPhase section */
		0C1E1837210B076F00BA3EBF /* Frameworks */ = {
			isa = PBXFrameworksBuildPhase;
			buildActionMask = 2147483647;
			files = (
			);
			runOnlyForDeploymentPostprocessing = 0;
		};
		0C1E184B210B077000BA3EBF /* Frameworks */ = {
			isa = PBXFrameworksBuildPhase;
			buildActionMask = 2147483647;
			files = (
			);
			runOnlyForDeploymentPostprocessing = 0;
		};
		0C1E1856210B077000BA3EBF /* Frameworks */ = {
			isa = PBXFrameworksBuildPhase;
			buildActionMask = 2147483647;
			files = (
			);
			runOnlyForDeploymentPostprocessing = 0;
		};
/* End PBXFrameworksBuildPhase section */

/* Begin PBXGroup section */
		0C1E1831210B076F00BA3EBF = {
			isa = PBXGroup;
			children = (
				0C1E183C210B076F00BA3EBF /* PageControllerImagesExample */,
				0C1E1851210B077000BA3EBF /* PageControllerImagesExampleTests */,
				0C1E185C210B077000BA3EBF /* PageControllerImagesExampleUITests */,
				0C1E183B210B076F00BA3EBF /* Products */,
			);
			sourceTree = "<group>";
		};
		0C1E183B210B076F00BA3EBF /* Products */ = {
			isa = PBXGroup;
			children = (
				0C1E183A210B076F00BA3EBF /* PageControllerImagesExample.app */,
				0C1E184E210B077000BA3EBF /* PageControllerImagesExampleTests.xctest */,
				0C1E1859210B077000BA3EBF /* PageControllerImagesExampleUITests.xctest */,
			);
			name = Products;
			sourceTree = "<group>";
		};
		0C1E183C210B076F00BA3EBF /* PageControllerImagesExample */ = {
			isa = PBXGroup;
			children = (
				0C1E183D210B076F00BA3EBF /* AppDelegate.swift */,
				0C1E183F210B076F00BA3EBF /* ViewController.swift */,
				0C1E1841210B076F00BA3EBF /* Main.storyboard */,
				0C1E1844210B077000BA3EBF /* Assets.xcassets */,
				0C1E1846210B077000BA3EBF /* LaunchScreen.storyboard */,
				0C1E1849210B077000BA3EBF /* Info.plist */,
			);
			path = PageControllerImagesExample;
			sourceTree = "<group>";
		};
		0C1E1851210B077000BA3EBF /* PageControllerImagesExampleTests */ = {
			isa = PBXGroup;
			children = (
				0C1E1852210B077000BA3EBF /* PageControllerImagesExampleTests.swift */,
				0C1E1854210B077000BA3EBF /* Info.plist */,
			);
			path = PageControllerImagesExampleTests;
			sourceTree = "<group>";
		};
		0C1E185C210B077000BA3EBF /* PageControllerImagesExampleUITests */ = {
			isa = PBXGroup;
			children = (
				0C1E185D210B077000BA3EBF /* PageControllerImagesExampleUITests.swift */,
				0C1E185F210B077000BA3EBF /* Info.plist */,
			);
			path = PageControllerImagesExampleUITests;
			sourceTree = "<group>";
		};
/* End PBXGroup section */

/* Begin PBXNativeTarget section */
		0C1E1839210B076F00BA3EBF /* PageControllerImagesExample */ = {
			isa = PBXNativeTarget;
			buildConfigurationList = 0C1E1862210B077000BA3EBF /* Build configuration list for PBXNativeTarget "PageControllerImagesExample" */;
			buildPhases = (
				0C1E1836210B076F00BA3EBF /* Sources */,
				0C1E1837210B076F00BA3EBF /* Frameworks */,
				0C1E1838210B076F00BA3EBF /* Resources */,
			);
			buildRules = (
			);
			dependencies = (
			);
			name = PageControllerImagesExample;
			productName = PageControllerImagesExample;
			productReference = 0C1E183A210B076F00BA3EBF /* PageControllerImagesExample.app */;
			productType = "com.apple.product-type.application";
		};
		0C1E184D210B077000BA3EBF /* PageControllerImagesExampleTests */ = {
			isa = PBXNativeTarget;
			buildConfigurationList = 0C1E1865210B077000BA3EBF /* Build configuration list for PBXNativeTarget "PageControllerImagesExampleTests" */;
			buildPhases = (
				0C1E184A210B077000BA3EBF /* Sources */,
				0C1E184B210B077000BA3EBF /* Frameworks */,
				0C1E184C210B077000BA3EBF /* Resources */,
			);
			buildRules = (
			);
			dependencies = (
				0C1E1850210B077000BA3EBF /* PBXTargetDependency */,
			);
			name = PageControllerImagesExampleTests;
			productName = PageControllerImagesExampleTests;
			productReference = 0C1E184E210B077000BA3EBF /* PageControllerImagesExampleTests.xctest */;
			productType = "com.apple.product-type.bundle.unit-test";
		};
		0C1E1858210B077000BA3EBF /* PageControllerImagesExampleUITests */ = {
			isa = PBXNativeTarget;
			buildConfigurationList = 0C1E1868210B077000BA3EBF /* Build configuration list for PBXNativeTarget "PageControllerImagesExampleUITests" */;
			buildPhases = (
				0C1E1855210B077000BA3EBF /* Sources */,
				0C1E1856210B077000BA3EBF /* Frameworks */,
				0C1E1857210B077000BA3EBF /* Resources */,
			);
			buildRules = (
			);
			dependencies = (
				0C1E185B210B077000BA3EBF /* PBXTargetDependency */,
			);
			name = PageControllerImagesExampleUITests;
			productName = PageControllerImagesExampleUITests;
			productReference = 0C1E1859210B077000BA3EBF /* PageControllerImagesExampleUITests.xctest */;
			productType = "com.apple.product-type.bundle.ui-testing";
		};
/* End PBXNativeTarget section */

/* Begin PBXProject section */
		0C1E1832210B076F00BA3EBF /* Project object */ = {
			isa = PBXProject;
			attributes = {
				LastSwiftUpdateCheck = 0940;
				LastUpgradeCheck = 0940;
				ORGANIZATIONNAME = "Jorge Amores Ortiz";
				TargetAttributes = {
					0C1E1839210B076F00BA3EBF = {
						CreatedOnToolsVersion = 9.4.1;
					};
					0C1E184D210B077000BA3EBF = {
						CreatedOnToolsVersion = 9.4.1;
						TestTargetID = 0C1E1839210B076F00BA3EBF;
					};
					0C1E1858210B077000BA3EBF = {
						CreatedOnToolsVersion = 9.4.1;
						TestTargetID = 0C1E1839210B076F00BA3EBF;
					};
				};
			};
			buildConfigurationList = 0C1E1835210B076F00BA3EBF /* Build configuration list for PBXProject "PageControllerImagesExample" */;
			compatibilityVersion = "Xcode 9.3";
			developmentRegion = en;
			hasScannedForEncodings = 0;
			knownRegions = (
				en,
				Base,
			);
			mainGroup = 0C1E1831210B076F00BA3EBF;
			productRefGroup = 0C1E183B210B076F00BA3EBF /* Products */;
			projectDirPath = "";
			projectRoot = "";
			targets = (
				0C1E1839210B076F00BA3EBF /* PageControllerImagesExample */,
				0C1E184D210B077000BA3EBF /* PageControllerImagesExampleTests */,
				0C1E1858210B077000BA3EBF /* PageControllerImagesExampleUITests */,
			);
		};
/* End PBXProject section */

/* Begin PBXResourcesBuildPhase section */
		0C1E1838210B076F00BA3EBF /* Resources */ = {
			isa = PBXResourcesBuildPhase;
			buildActionMask = 2147483647;
			files = (
				0C1E1848210B077000BA3EBF /* LaunchScreen.storyboard in Resources */,
				0C1E1845210B077000BA3EBF /* Assets.xcassets in Resources */,
				0C1E1843210B076F00BA3EBF /* Main.storyboard in Resources */,
			);
			runOnlyForDeploymentPostprocessing = 0;
		};
		0C1E184C210B077000BA3EBF /* Resources */ = {
			isa = PBXResourcesBuildPhase;
			buildActionMask = 2147483647;
			files = (
			);
			runOnlyForDeploymentPostprocessing = 0;
		};
		0C1E1857210B077000BA3EBF /* Resources */ = {
			isa = PBXResourcesBuildPhase;
			buildActionMask = 2147483647;
			files = (
			);
			runOnlyForDeploymentPostprocessing = 0;
		};
/* End PBXResourcesBuildPhase section */

/* Begin PBXSourcesBuildPhase section */
		0C1E1836210B076F00BA3EBF /* Sources */ = {
			isa = PBXSourcesBuildPhase;
			buildActionMask = 2147483647;
			files = (
				0C1E1840210B076F00BA3EBF /* ViewController.swift in Sources */,
				0C1E183E210B076F00BA3EBF /* AppDelegate.swift in Sources */,
			);
			runOnlyForDeploymentPostprocessing = 0;
		};
		0C1E184A210B077000BA3EBF /* Sources */ = {
			isa = PBXSourcesBuildPhase;
			buildActionMask = 2147483647;
			files = (
				0C1E1853210B077000BA3EBF /* PageControllerImagesExampleTests.swift in Sources */,
			);
			runOnlyForDeploymentPostprocessing = 0;
		};
		0C1E1855210B077000BA3EBF /* Sources */ = {
			isa = PBXSourcesBuildPhase;
			buildActionMask = 2147483647;
			files = (
				0C1E185E210B077000BA3EBF /* PageControllerImagesExampleUITests.swift in Sources */,
			);
			runOnlyForDeploymentPostprocessing = 0;
		};
/* End PBXSourcesBuildPhase section */

/* Begin PBXTargetDependency section */
		0C1E1850210B077000BA3EBF /* PBXTargetDependency */ = {
			isa = PBXTargetDependency;
			target = 0C1E1839210B076F00BA3EBF /* PageControllerImagesExample */;
			targetProxy = 0C1E184F210B077000BA3EBF /* PBXContainerItemProxy */;
		};
		0C1E185B210B077000BA3EBF /* PBXTargetDependency */ = {
			isa = PBXTargetDependency;
			target = 0C1E1839210B076F00BA3EBF /* PageControllerImagesExample */;
			targetProxy = 0C1E185A210B077000BA3EBF /* PBXContainerItemProxy */;
		};
/* End PBXTargetDependency section */

/* Begin PBXVariantGroup section */
		0C1E1841210B076F00BA3EBF /* Main.storyboard */ = {
			isa = PBXVariantGroup;
			children = (
				0C1E1842210B076F00BA3EBF /* Base */,
			);
			name = Main.storyboard;
			sourceTree = "<group>";
		};
		0C1E1846210B077000BA3EBF /* LaunchScreen.storyboard */ = {
			isa = PBXVariantGroup;
			children = (
				0C1E1847210B077000BA3EBF /* Base */,
			);
			name = LaunchScreen.storyboard;
			sourceTree = "<group>";
		};
/* End PBXVariantGroup section */

/* Begin XCBuildConfiguration section */
		0C1E1860210B077000BA3EBF /* Debug */ = {
			isa = XCBuildConfiguration;
			buildSettings = {
				ALWAYS_SEARCH_USER_PATHS = NO;
				CLANG_ANALYZER_NONNULL = YES;
				CLANG_ANALYZER_NUMBER_OBJECT_CONVERSION = YES_AGGRESSIVE;
				CLANG_CXX_LANGUAGE_STANDARD = "gnu++14";
				CLANG_CXX_LIBRARY = "libc++";
				CLANG_ENABLE_MODULES = YES;
				CLANG_ENABLE_OBJC_ARC = YES;
				CLANG_ENABLE_OBJC_WEAK = YES;
				CLANG_WARN_BLOCK_CAPTURE_AUTORELEASING = YES;
				CLANG_WARN_BOOL_CONVERSION = YES;
				CLANG_WARN_COMMA = YES;
				CLANG_WARN_CONSTANT_CONVERSION = YES;
				CLANG_WARN_DEPRECATED_OBJC_IMPLEMENTATIONS = YES;
				CLANG_WARN_DIRECT_OBJC_ISA_USAGE = YES_ERROR;
				CLANG_WARN_DOCUMENTATION_COMMENTS = YES;
				CLANG_WARN_EMPTY_BODY = YES;
				CLANG_WARN_ENUM_CONVERSION = YES;
				CLANG_WARN_INFINITE_RECURSION = YES;
				CLANG_WARN_INT_CONVERSION = YES;
				CLANG_WARN_NON_LITERAL_NULL_CONVERSION = YES;
				CLANG_WARN_OBJC_IMPLICIT_RETAIN_SELF = YES;
				CLANG_WARN_OBJC_LITERAL_CONVERSION = YES;
				CLANG_WARN_OBJC_ROOT_CLASS = YES_ERROR;
				CLANG_WARN_RANGE_LOOP_ANALYSIS = YES;
				CLANG_WARN_STRICT_PROTOTYPES = YES;
				CLANG_WARN_SUSPICIOUS_MOVE = YES;
				CLANG_WARN_UNGUARDED_AVAILABILITY = YES_AGGRESSIVE;
				CLANG_WARN_UNREACHABLE_CODE = YES;
				CLANG_WARN__DUPLICATE_METHOD_MATCH = YES;
				CODE_SIGN_IDENTITY = "iPhone Developer";
				COPY_PHASE_STRIP = NO;
				DEBUG_INFORMATION_FORMAT = dwarf;
				ENABLE_STRICT_OBJC_MSGSEND = YES;
				ENABLE_TESTABILITY = YES;
				GCC_C_LANGUAGE_STANDARD = gnu11;
				GCC_DYNAMIC_NO_PIC = NO;
				GCC_NO_COMMON_BLOCKS = YES;
				GCC_OPTIMIZATION_LEVEL = 0;
				GCC_PREPROCESSOR_DEFINITIONS = (
					"DEBUG=1",
					"$(inherited)",
				);
				GCC_WARN_64_TO_32_BIT_CONVERSION = YES;
				GCC_WARN_ABOUT_RETURN_TYPE = YES_ERROR;
				GCC_WARN_UNDECLARED_SELECTOR = YES;
				GCC_WARN_UNINITIALIZED_AUTOS = YES_AGGRESSIVE;
				GCC_WARN_UNUSED_FUNCTION = YES;
				GCC_WARN_UNUSED_VARIABLE = YES;
				IPHONEOS_DEPLOYMENT_TARGET = 11.4;
				MTL_ENABLE_DEBUG_INFO = YES;
				ONLY_ACTIVE_ARCH = YES;
				SDKROOT = iphoneos;
				SWIFT_ACTIVE_COMPILATION_CONDITIONS = DEBUG;
				SWIFT_OPTIMIZATION_LEVEL = "-Onone";
			};
			name = Debug;
		};
		0C1E1861210B077000BA3EBF /* Release */ = {
			isa = XCBuildConfiguration;
			buildSettings = {
				ALWAYS_SEARCH_USER_PATHS = NO;
				CLANG_ANALYZER_NONNULL = YES;
				CLANG_ANALYZER_NUMBER_OBJECT_CONVERSION = YES_AGGRESSIVE;
				CLANG_CXX_LANGUAGE_STANDARD = "gnu++14";
				CLANG_CXX_LIBRARY = "libc++";
				CLANG_ENABLE_MODULES = YES;
				CLANG_ENABLE_OBJC_ARC = YES;
				CLANG_ENABLE_OBJC_WEAK = YES;
				CLANG_WARN_BLOCK_CAPTURE_AUTORELEASING = YES;
				CLANG_WARN_BOOL_CONVERSION = YES;
				CLANG_WARN_COMMA = YES;
				CLANG_WARN_CONSTANT_CONVERSION = YES;
				CLANG_WARN_DEPRECATED_OBJC_IMPLEMENTATIONS = YES;
				CLANG_WARN_DIRECT_OBJC_ISA_USAGE = YES_ERROR;
				CLANG_WARN_DOCUMENTATION_COMMENTS = YES;
				CLANG_WARN_EMPTY_BODY = YES;
				CLANG_WARN_ENUM_CONVERSION = YES;
				CLANG_WARN_INFINITE_RECURSION = YES;
				CLANG_WARN_INT_CONVERSION = YES;
				CLANG_WARN_NON_LITERAL_NULL_CONVERSION = YES;
				CLANG_WARN_OBJC_IMPLICIT_RETAIN_SELF = YES;
				CLANG_WARN_OBJC_LITERAL_CONVERSION = YES;
				CLANG_WARN_OBJC_ROOT_CLASS = YES_ERROR;
				CLANG_WARN_RANGE_LOOP_ANALYSIS = YES;
				CLANG_WARN_STRICT_PROTOTYPES = YES;
				CLANG_WARN_SUSPICIOUS_MOVE = YES;
				CLANG_WARN_UNGUARDED_AVAILABILITY = YES_AGGRESSIVE;
				CLANG_WARN_UNREACHABLE_CODE = YES;
				CLANG_WARN__DUPLICATE_METHOD_MATCH = YES;
				CODE_SIGN_IDENTITY = "iPhone Developer";
				COPY_PHASE_STRIP = NO;
				DEBUG_INFORMATION_FORMAT = "dwarf-with-dsym";
				ENABLE_NS_ASSERTIONS = NO;
				ENABLE_STRICT_OBJC_MSGSEND = YES;
				GCC_C_LANGUAGE_STANDARD = gnu11;
				GCC_NO_COMMON_BLOCKS = YES;
				GCC_WARN_64_TO_32_BIT_CONVERSION = YES;
				GCC_WARN_ABOUT_RETURN_TYPE = YES_ERROR;
				GCC_WARN_UNDECLARED_SELECTOR = YES;
				GCC_WARN_UNINITIALIZED_AUTOS = YES_AGGRESSIVE;
				GCC_WARN_UNUSED_FUNCTION = YES;
				GCC_WARN_UNUSED_VARIABLE = YES;
				IPHONEOS_DEPLOYMENT_TARGET = 11.4;
				MTL_ENABLE_DEBUG_INFO = NO;
				SDKROOT = iphoneos;
				SWIFT_COMPILATION_MODE = wholemodule;
				SWIFT_OPTIMIZATION_LEVEL = "-O";
				VALIDATE_PRODUCT = YES;
			};
			name = Release;
		};
		0C1E1863210B077000BA3EBF /* Debug */ = {
			isa = XCBuildConfiguration;
			buildSettings = {
				ASSETCATALOG_COMPILER_APPICON_NAME = AppIcon;
				CODE_SIGN_STYLE = Automatic;
				DEVELOPMENT_TEAM = 38727NYDZQ;
				INFOPLIST_FILE = PageControllerImagesExample/Info.plist;
				LD_RUNPATH_SEARCH_PATHS = (
					"$(inherited)",
					"@executable_path/Frameworks",
				);
				PRODUCT_BUNDLE_IDENTIFIER = com.jamoresortiz.PageControllerImagesExample;
				PRODUCT_NAME = "$(TARGET_NAME)";
				SWIFT_VERSION = 4.0;
				TARGETED_DEVICE_FAMILY = "1,2";
			};
			name = Debug;
		};
		0C1E1864210B077000BA3EBF /* Release */ = {
			isa = XCBuildConfiguration;
			buildSettings = {
				ASSETCATALOG_COMPILER_APPICON_NAME = AppIcon;
				CODE_SIGN_STYLE = Automatic;
				DEVELOPMENT_TEAM = 38727NYDZQ;
				INFOPLIST_FILE = PageControllerImagesExample/Info.plist;
				LD_RUNPATH_SEARCH_PATHS = (
					"$(inherited)",
					"@executable_path/Frameworks",
				);
				PRODUCT_BUNDLE_IDENTIFIER = com.jamoresortiz.PageControllerImagesExample;
				PRODUCT_NAME = "$(TARGET_NAME)";
				SWIFT_VERSION = 4.0;
				TARGETED_DEVICE_FAMILY = "1,2";
			};
			name = Release;
		};
		0C1E1866210B077000BA3EBF /* Debug */ = {
			isa = XCBuildConfiguration;
			buildSettings = {
				ALWAYS_EMBED_SWIFT_STANDARD_LIBRARIES = YES;
				BUNDLE_LOADER = "$(TEST_HOST)";
				CODE_SIGN_STYLE = Automatic;
				INFOPLIST_FILE = PageControllerImagesExampleTests/Info.plist;
				LD_RUNPATH_SEARCH_PATHS = (
					"$(inherited)",
					"@executable_path/Frameworks",
					"@loader_path/Frameworks",
				);
				PRODUCT_BUNDLE_IDENTIFIER = com.jamoresortiz.PageControllerImagesExampleTests;
				PRODUCT_NAME = "$(TARGET_NAME)";
				SWIFT_VERSION = 4.0;
				TARGETED_DEVICE_FAMILY = "1,2";
				TEST_HOST = "$(BUILT_PRODUCTS_DIR)/PageControllerImagesExample.app/PageControllerImagesExample";
			};
			name = Debug;
		};
		0C1E1867210B077000BA3EBF /* Release */ = {
			isa = XCBuildConfiguration;
			buildSettings = {
				ALWAYS_EMBED_SWIFT_STANDARD_LIBRARIES = YES;
				BUNDLE_LOADER = "$(TEST_HOST)";
				CODE_SIGN_STYLE = Automatic;
				INFOPLIST_FILE = PageControllerImagesExampleTests/Info.plist;
				LD_RUNPATH_SEARCH_PATHS = (
					"$(inherited)",
					"@executable_path/Frameworks",
					"@loader_path/Frameworks",
				);
				PRODUCT_BUNDLE_IDENTIFIER = com.jamoresortiz.PageControllerImagesExampleTests;
				PRODUCT_NAME = "$(TARGET_NAME)";
				SWIFT_VERSION = 4.0;
				TARGETED_DEVICE_FAMILY = "1,2";
				TEST_HOST = "$(BUILT_PRODUCTS_DIR)/PageControllerImagesExample.app/PageControllerImagesExample";
			};
			name = Release;
		};
		0C1E1869210B077000BA3EBF /* Debug */ = {
			isa = XCBuildConfiguration;
			buildSettings = {
				ALWAYS_EMBED_SWIFT_STANDARD_LIBRARIES = YES;
				CODE_SIGN_STYLE = Automatic;
				INFOPLIST_FILE = PageControllerImagesExampleUITests/Info.plist;
				LD_RUNPATH_SEARCH_PATHS = (
					"$(inherited)",
					"@executable_path/Frameworks",
					"@loader_path/Frameworks",
				);
				PRODUCT_BUNDLE_IDENTIFIER = com.jamoresortiz.PageControllerImagesExampleUITests;
				PRODUCT_NAME = "$(TARGET_NAME)";
				SWIFT_VERSION = 4.0;
				TARGETED_DEVICE_FAMILY = "1,2";
				TEST_TARGET_NAME = PageControllerImagesExample;
			};
			name = Debug;
		};
		0C1E186A210B077000BA3EBF /* Release */ = {
			isa = XCBuildConfiguration;
			buildSettings = {
				ALWAYS_EMBED_SWIFT_STANDARD_LIBRARIES = YES;
				CODE_SIGN_STYLE = Automatic;
				INFOPLIST_FILE = PageControllerImagesExampleUITests/Info.plist;
				LD_RUNPATH_SEARCH_PATHS = (
					"$(inherited)",
					"@executable_path/Frameworks",
					"@loader_path/Frameworks",
				);
				PRODUCT_BUNDLE_IDENTIFIER = com.jamoresortiz.PageControllerImagesExampleUITests;
				PRODUCT_NAME = "$(TARGET_NAME)";
				SWIFT_VERSION = 4.0;
				TARGETED_DEVICE_FAMILY = "1,2";
				TEST_TARGET_NAME = PageControllerImagesExample;
			};
			name = Release;
		};
/* End XCBuildConfiguration section */

/* Begin XCConfigurationList section */
		0C1E1835210B076F00BA3EBF /* Build configuration list for PBXProject "PageControllerImagesExample" */ = {
			isa = XCConfigurationList;
			buildConfigurations = (
				0C1E1860210B077000BA3EBF /* Debug */,
				0C1E1861210B077000BA3EBF /* Release */,
			);
			defaultConfigurationIsVisible = 0;
			defaultConfigurationName = Release;
		};
		0C1E1862210B077000BA3EBF /* Build configuration list for PBXNativeTarget "PageControllerImagesExample" */ = {
			isa = XCConfigurationList;
			buildConfigurations = (
				0C1E1863210B077000BA3EBF /* Debug */,
				0C1E1864210B077000BA3EBF /* Release */,
			);
			defaultConfigurationIsVisible = 0;
			defaultConfigurationName = Release;
		};
		0C1E1865210B077000BA3EBF /* Build configuration list for PBXNativeTarget "PageControllerImagesExampleTests" */ = {
			isa = XCConfigurationList;
			buildConfigurations = (
				0C1E1866210B077000BA3EBF /* Debug */,
				0C1E1867210B077000BA3EBF /* Release */,
			);
			defaultConfigurationIsVisible = 0;
			defaultConfigurationName = Release;
		};
		0C1E1868210B077000BA3EBF /* Build configuration list for PBXNativeTarget "PageControllerImagesExampleUITests" */ = {
			isa = XCConfigurationList;
			buildConfigurations = (
				0C1E1869210B077000BA3EBF /* Debug */,
				0C1E186A210B077000BA3EBF /* Release */,
			);
			defaultConfigurationIsVisible = 0;
			defaultConfigurationName = Release;
		};
/* End XCConfigurationList section */
	};
	rootObject = 0C1E1832210B076F00BA3EBF /* Project object */;
}
