// !$*UTF8*$!
{
	archiveVersion = 1;
	classes = {
	};
	objectVersion = 50;
	objects = {

/* Begin PBXBuildFile section */
		748ECDC420B2C2A500A413B9 /* AppDelegate.swift in Sources */ = {isa = PBXBuildFile; fileRef = 748ECDC320B2C2A500A413B9 /* AppDelegate.swift */; };
		748ECDC620B2C2A500A413B9 /* ViewController.swift in Sources */ = {isa = PBXBuildFile; fileRef = 748ECDC520B2C2A500A413B9 /* ViewController.swift */; };
		748ECDC920B2C2A500A413B9 /* Main.storyboard in Resources */ = {isa = PBXBuildFile; fileRef = 748ECDC720B2C2A500A413B9 /* Main.storyboard */; };
		748ECDCB20B2C2A600A413B9 /* Assets.xcassets in Resources */ = {isa = PBXBuildFile; fileRef = 748ECDCA20B2C2A600A413B9 /* Assets.xcassets */; };
		748ECDCE20B2C2A600A413B9 /* LaunchScreen.storyboard in Resources */ = {isa = PBXBuildFile; fileRef = 748ECDCC20B2C2A600A413B9 /* LaunchScreen.storyboard */; };
		749A617A20B2EA6E00C9824C /* CollectionViewCell.swift in Sources */ = {isa = PBXBuildFile; fileRef = 749A617920B2EA6E00C9824C /* CollectionViewCell.swift */; };
		DE7CC20D02E2AF13A03D7654 /* Pods_JTAppleCalendarExample.framework in Frameworks */ = {isa = PBXBuildFile; fileRef = 71A52A134CA006C3B1084590 /* Pods_JTAppleCalendarExample.framework */; };
/* End PBXBuildFile section */

/* Begin PBXFileReference section */
		71A52A134CA006C3B1084590 /* Pods_JTAppleCalendarExample.framework */ = {isa = PBXFileReference; explicitFileType = wrapper.framework; includeInIndex = 0; path = Pods_JTAppleCalendarExample.framework; sourceTree = BUILT_PRODUCTS_DIR; };
		748ECDC020B2C2A400A413B9 /* JTAppleCalendarExample.app */ = {isa = PBXFileReference; explicitFileType = wrapper.application; includeInIndex = 0; path = JTAppleCalendarExample.app; sourceTree = BUILT_PRODUCTS_DIR; };
		748ECDC320B2C2A500A413B9 /* AppDelegate.swift */ = {isa = PBXFileReference; lastKnownFileType = sourcecode.swift; path = AppDelegate.swift; sourceTree = "<group>"; };
		748ECDC520B2C2A500A413B9 /* ViewController.swift */ = {isa = PBXFileReference; lastKnownFileType = sourcecode.swift; path = ViewController.swift; sourceTree = "<group>"; };
		748ECDC820B2C2A500A413B9 /* Base */ = {isa = PBXFileReference; lastKnownFileType = file.storyboard; name = Base; path = Base.lproj/Main.storyboard; sourceTree = "<group>"; };
		748ECDCA20B2C2A600A413B9 /* Assets.xcassets */ = {isa = PBXFileReference; lastKnownFileType = folder.assetcatalog; path = Assets.xcassets; sourceTree = "<group>"; };
		748ECDCD20B2C2A600A413B9 /* Base */ = {isa = PBXFileReference; lastKnownFileType = file.storyboard; name = Base; path = Base.lproj/LaunchScreen.storyboard; sourceTree = "<group>"; };
		748ECDCF20B2C2A600A413B9 /* Info.plist */ = {isa = PBXFileReference; lastKnownFileType = text.plist.xml; path = Info.plist; sourceTree = "<group>"; };
		749A617920B2EA6E00C9824C /* CollectionViewCell.swift */ = {isa = PBXFileReference; lastKnownFileType = sourcecode.swift; path = CollectionViewCell.swift; sourceTree = "<group>"; };
		9C78634BEBBED9AF8A40D74A /* Pods-JTAppleCalendarExample.release.xcconfig */ = {isa = PBXFileReference; includeInIndex = 1; lastKnownFileType = text.xcconfig; name = "Pods-JTAppleCalendarExample.release.xcconfig"; path = "Pods/Target Support Files/Pods-JTAppleCalendarExample/Pods-JTAppleCalendarExample.release.xcconfig"; sourceTree = "<group>"; };
		F2E0A4C0790275B7E2ED26C1 /* Pods-JTAppleCalendarExample.debug.xcconfig */ = {isa = PBXFileReference; includeInIndex = 1; lastKnownFileType = text.xcconfig; name = "Pods-JTAppleCalendarExample.debug.xcconfig"; path = "Pods/Target Support Files/Pods-JTAppleCalendarExample/Pods-JTAppleCalendarExample.debug.xcconfig"; sourceTree = "<group>"; };
/* End PBXFileReference section */

/* Begin PBXFrameworksBuildPhase section */
		748ECDBD20B2C2A400A413B9 /* Frameworks */ = {
			isa = PBXFrameworksBuildPhase;
			buildActionMask = 2147483647;
			files = (
				DE7CC20D02E2AF13A03D7654 /* Pods_JTAppleCalendarExample.framework in Frameworks */,
			);
			runOnlyForDeploymentPostprocessing = 0;
		};
/* End PBXFrameworksBuildPhase section */

/* Begin PBXGroup section */
		6E8B785096DEA69E4ECAF6DF /* Pods */ = {
			isa = PBXGroup;
			children = (
				F2E0A4C0790275B7E2ED26C1 /* Pods-JTAppleCalendarExample.debug.xcconfig */,
				9C78634BEBBED9AF8A40D74A /* Pods-JTAppleCalendarExample.release.xcconfig */,
			);
			name = Pods;
			sourceTree = "<group>";
		};
		748ECDB720B2C2A400A413B9 = {
			isa = PBXGroup;
			children = (
				748ECDC220B2C2A400A413B9 /* JTAppleCalendarExample */,
				748ECDC120B2C2A400A413B9 /* Products */,
				6E8B785096DEA69E4ECAF6DF /* Pods */,
				F3DA4FA448581B11506E0DBE /* Frameworks */,
			);
			sourceTree = "<group>";
		};
		748ECDC120B2C2A400A413B9 /* Products */ = {
			isa = PBXGroup;
			children = (
				748ECDC020B2C2A400A413B9 /* JTAppleCalendarExample.app */,
			);
			name = Products;
			sourceTree = "<group>";
		};
		748ECDC220B2C2A400A413B9 /* JTAppleCalendarExample */ = {
			isa = PBXGroup;
			children = (
				748ECDC320B2C2A500A413B9 /* AppDelegate.swift */,
				748ECDC520B2C2A500A413B9 /* ViewController.swift */,
				748ECDC720B2C2A500A413B9 /* Main.storyboard */,
				748ECDCA20B2C2A600A413B9 /* Assets.xcassets */,
				748ECDCC20B2C2A600A413B9 /* LaunchScreen.storyboard */,
				748ECDCF20B2C2A600A413B9 /* Info.plist */,
				749A617920B2EA6E00C9824C /* CollectionViewCell.swift */,
			);
			path = JTAppleCalendarExample;
			sourceTree = "<group>";
		};
		F3DA4FA448581B11506E0DBE /* Frameworks */ = {
			isa = PBXGroup;
			children = (
				71A52A134CA006C3B1084590 /* Pods_JTAppleCalendarExample.framework */,
			);
			name = Frameworks;
			sourceTree = "<group>";
		};
/* End PBXGroup section */

/* Begin PBXNativeTarget section */
		748ECDBF20B2C2A400A413B9 /* JTAppleCalendarExample */ = {
			isa = PBXNativeTarget;
			buildConfigurationList = 748ECDD220B2C2A600A413B9 /* Build configuration list for PBXNativeTarget "JTAppleCalendarExample" */;
			buildPhases = (
				5CBC8DD220C94CF1AAD8342C /* [CP] Check Pods Manifest.lock */,
				748ECDBC20B2C2A400A413B9 /* Sources */,
				748ECDBD20B2C2A400A413B9 /* Frameworks */,
				748ECDBE20B2C2A400A413B9 /* Resources */,
				0B1625E3E274E7BD4D5218C9 /* [CP] Embed Pods Frameworks */,
			);
			buildRules = (
			);
			dependencies = (
			);
			name = JTAppleCalendarExample;
			productName = JTAppleCalendarExample;
			productReference = 748ECDC020B2C2A400A413B9 /* JTAppleCalendarExample.app */;
			productType = "com.apple.product-type.application";
		};
/* End PBXNativeTarget section */

/* Begin PBXProject section */
		748ECDB820B2C2A400A413B9 /* Project object */ = {
			isa = PBXProject;
			attributes = {
				LastSwiftUpdateCheck = 0930;
				LastUpgradeCheck = 0930;
				ORGANIZATIONNAME = "Jorge Amores";
				TargetAttributes = {
					748ECDBF20B2C2A400A413B9 = {
						CreatedOnToolsVersion = 9.3.1;
					};
				};
			};
			buildConfigurationList = 748ECDBB20B2C2A400A413B9 /* Build configuration list for PBXProject "JTAppleCalendarExample" */;
			compatibilityVersion = "Xcode 9.3";
			developmentRegion = en;
			hasScannedForEncodings = 0;
			knownRegions = (
				en,
				Base,
			);
			mainGroup = 748ECDB720B2C2A400A413B9;
			productRefGroup = 748ECDC120B2C2A400A413B9 /* Products */;
			projectDirPath = "";
			projectRoot = "";
			targets = (
				748ECDBF20B2C2A400A413B9 /* JTAppleCalendarExample */,
			);
		};
/* End PBXProject section */

/* Begin PBXResourcesBuildPhase section */
		748ECDBE20B2C2A400A413B9 /* Resources */ = {
			isa = PBXResourcesBuildPhase;
			buildActionMask = 2147483647;
			files = (
				748ECDCE20B2C2A600A413B9 /* LaunchScreen.storyboard in Resources */,
				748ECDCB20B2C2A600A413B9 /* Assets.xcassets in Resources */,
				748ECDC920B2C2A500A413B9 /* Main.storyboard in Resources */,
			);
			runOnlyForDeploymentPostprocessing = 0;
		};
/* End PBXResourcesBuildPhase section */

/* Begin PBXShellScriptBuildPhase section */
		0B1625E3E274E7BD4D5218C9 /* [CP] Embed Pods Frameworks */ = {
			isa = PBXShellScriptBuildPhase;
			buildActionMask = 2147483647;
			files = (
			);
			inputPaths = (
				"${SRCROOT}/Pods/Target Support Files/Pods-JTAppleCalendarExample/Pods-JTAppleCalendarExample-frameworks.sh",
				"${BUILT_PRODUCTS_DIR}/JTAppleCalendar/JTAppleCalendar.framework",
			);
			name = "[CP] Embed Pods Frameworks";
			outputPaths = (
				"${TARGET_BUILD_DIR}/${FRAMEWORKS_FOLDER_PATH}/JTAppleCalendar.framework",
			);
			runOnlyForDeploymentPostprocessing = 0;
			shellPath = /bin/sh;
			shellScript = "\"${SRCROOT}/Pods/Target Support Files/Pods-JTAppleCalendarExample/Pods-JTAppleCalendarExample-frameworks.sh\"\n";
			showEnvVarsInLog = 0;
		};
		5CBC8DD220C94CF1AAD8342C /* [CP] Check Pods Manifest.lock */ = {
			isa = PBXShellScriptBuildPhase;
			buildActionMask = 2147483647;
			files = (
			);
			inputPaths = (
				"${PODS_PODFILE_DIR_PATH}/Podfile.lock",
				"${PODS_ROOT}/Manifest.lock",
			);
			name = "[CP] Check Pods Manifest.lock";
			outputPaths = (
				"$(DERIVED_FILE_DIR)/Pods-JTAppleCalendarExample-checkManifestLockResult.txt",
			);
			runOnlyForDeploymentPostprocessing = 0;
			shellPath = /bin/sh;
			shellScript = "diff \"${PODS_PODFILE_DIR_PATH}/Podfile.lock\" \"${PODS_ROOT}/Manifest.lock\" > /dev/null\nif [ $? != 0 ] ; then\n    # print error to STDERR\n    echo \"error: The sandbox is not in sync with the Podfile.lock. Run 'pod install' or update your CocoaPods installation.\" >&2\n    exit 1\nfi\n# This output is used by Xcode 'outputs' to avoid re-running this script phase.\necho \"SUCCESS\" > \"${SCRIPT_OUTPUT_FILE_0}\"\n";
			showEnvVarsInLog = 0;
		};
/* End PBXShellScriptBuildPhase section */

/* Begin PBXSourcesBuildPhase section */
		748ECDBC20B2C2A400A413B9 /* Sources */ = {
			isa = PBXSourcesBuildPhase;
			buildActionMask = 2147483647;
			files = (
				748ECDC620B2C2A500A413B9 /* ViewController.swift in Sources */,
				748ECDC420B2C2A500A413B9 /* AppDelegate.swift in Sources */,
				749A617A20B2EA6E00C9824C /* CollectionViewCell.swift in Sources */,
			);
			runOnlyForDeploymentPostprocessing = 0;
		};
/* End PBXSourcesBuildPhase section */

/* Begin PBXVariantGroup section */
		748ECDC720B2C2A500A413B9 /* Main.storyboard */ = {
			isa = PBXVariantGroup;
			children = (
				748ECDC820B2C2A500A413B9 /* Base */,
			);
			name = Main.storyboard;
			sourceTree = "<group>";
		};
		748ECDCC20B2C2A600A413B9 /* LaunchScreen.storyboard */ = {
			isa = PBXVariantGroup;
			children = (
				748ECDCD20B2C2A600A413B9 /* Base */,
			);
			name = LaunchScreen.storyboard;
			sourceTree = "<group>";
		};
/* End PBXVariantGroup section */

/* Begin XCBuildConfiguration section */
		748ECDD020B2C2A600A413B9 /* Debug */ = {
			isa = XCBuildConfiguration;
			buildSettings = {
				ALWAYS_SEARCH_USER_PATHS = NO;
				CLANG_ANALYZER_NONNULL = YES;
				CLANG_ANALYZER_NUMBER_OBJECT_CONVERSION = YES_AGGRESSIVE;
				CLANG_CXX_LANGUAGE_STANDARD = "gnu++14";
				CLANG_CXX_LIBRARY = "libc++";
				CLANG_ENABLE_MODULES = YES;
				CLANG_ENABLE_OBJC_ARC = YES;
				CLANG_ENABLE_OBJC_WEAK = YES;
				CLANG_WARN_BLOCK_CAPTURE_AUTORELEASING = YES;
				CLANG_WARN_BOOL_CONVERSION = YES;
				CLANG_WARN_COMMA = YES;
				CLANG_WARN_CONSTANT_CONVERSION = YES;
				CLANG_WARN_DEPRECATED_OBJC_IMPLEMENTATIONS = YES;
				CLANG_WARN_DIRECT_OBJC_ISA_USAGE = YES_ERROR;
				CLANG_WARN_DOCUMENTATION_COMMENTS = YES;
				CLANG_WARN_EMPTY_BODY = YES;
				CLANG_WARN_ENUM_CONVERSION = YES;
				CLANG_WARN_INFINITE_RECURSION = YES;
				CLANG_WARN_INT_CONVERSION = YES;
				CLANG_WARN_NON_LITERAL_NULL_CONVERSION = YES;
				CLANG_WARN_OBJC_IMPLICIT_RETAIN_SELF = YES;
				CLANG_WARN_OBJC_LITERAL_CONVERSION = YES;
				CLANG_WARN_OBJC_ROOT_CLASS = YES_ERROR;
				CLANG_WARN_RANGE_LOOP_ANALYSIS = YES;
				CLANG_WARN_STRICT_PROTOTYPES = YES;
				CLANG_WARN_SUSPICIOUS_MOVE = YES;
				CLANG_WARN_UNGUARDED_AVAILABILITY = YES_AGGRESSIVE;
				CLANG_WARN_UNREACHABLE_CODE = YES;
				CLANG_WARN__DUPLICATE_METHOD_MATCH = YES;
				CODE_SIGN_IDENTITY = "iPhone Developer";
				COPY_PHASE_STRIP = NO;
				DEBUG_INFORMATION_FORMAT = dwarf;
				ENABLE_STRICT_OBJC_MSGSEND = YES;
				ENABLE_TESTABILITY = YES;
				GCC_C_LANGUAGE_STANDARD = gnu11;
				GCC_DYNAMIC_NO_PIC = NO;
				GCC_NO_COMMON_BLOCKS = YES;
				GCC_OPTIMIZATION_LEVEL = 0;
				GCC_PREPROCESSOR_DEFINITIONS = (
					"DEBUG=1",
					"$(inherited)",
				);
				GCC_WARN_64_TO_32_BIT_CONVERSION = YES;
				GCC_WARN_ABOUT_RETURN_TYPE = YES_ERROR;
				GCC_WARN_UNDECLARED_SELECTOR = YES;
				GCC_WARN_UNINITIALIZED_AUTOS = YES_AGGRESSIVE;
				GCC_WARN_UNUSED_FUNCTION = YES;
				GCC_WARN_UNUSED_VARIABLE = YES;
				IPHONEOS_DEPLOYMENT_TARGET = 11.3;
				MTL_ENABLE_DEBUG_INFO = YES;
				ONLY_ACTIVE_ARCH = YES;
				SDKROOT = iphoneos;
				SWIFT_ACTIVE_COMPILATION_CONDITIONS = DEBUG;
				SWIFT_OPTIMIZATION_LEVEL = "-Onone";
			};
			name = Debug;
		};
		748ECDD120B2C2A600A413B9 /* Release */ = {
			isa = XCBuildConfiguration;
			buildSettings = {
				ALWAYS_SEARCH_USER_PATHS = NO;
				CLANG_ANALYZER_NONNULL = YES;
				CLANG_ANALYZER_NUMBER_OBJECT_CONVERSION = YES_AGGRESSIVE;
				CLANG_CXX_LANGUAGE_STANDARD = "gnu++14";
				CLANG_CXX_LIBRARY = "libc++";
				CLANG_ENABLE_MODULES = YES;
				CLANG_ENABLE_OBJC_ARC = YES;
				CLANG_ENABLE_OBJC_WEAK = YES;
				CLANG_WARN_BLOCK_CAPTURE_AUTORELEASING = YES;
				CLANG_WARN_BOOL_CONVERSION = YES;
				CLANG_WARN_COMMA = YES;
				CLANG_WARN_CONSTANT_CONVERSION = YES;
				CLANG_WARN_DEPRECATED_OBJC_IMPLEMENTATIONS = YES;
				CLANG_WARN_DIRECT_OBJC_ISA_USAGE = YES_ERROR;
				CLANG_WARN_DOCUMENTATION_COMMENTS = YES;
				CLANG_WARN_EMPTY_BODY = YES;
				CLANG_WARN_ENUM_CONVERSION = YES;
				CLANG_WARN_INFINITE_RECURSION = YES;
				CLANG_WARN_INT_CONVERSION = YES;
				CLANG_WARN_NON_LITERAL_NULL_CONVERSION = YES;
				CLANG_WARN_OBJC_IMPLICIT_RETAIN_SELF = YES;
				CLANG_WARN_OBJC_LITERAL_CONVERSION = YES;
				CLANG_WARN_OBJC_ROOT_CLASS = YES_ERROR;
				CLANG_WARN_RANGE_LOOP_ANALYSIS = YES;
				CLANG_WARN_STRICT_PROTOTYPES = YES;
				CLANG_WARN_SUSPICIOUS_MOVE = YES;
				CLANG_WARN_UNGUARDED_AVAILABILITY = YES_AGGRESSIVE;
				CLANG_WARN_UNREACHABLE_CODE = YES;
				CLANG_WARN__DUPLICATE_METHOD_MATCH = YES;
				CODE_SIGN_IDENTITY = "iPhone Developer";
				COPY_PHASE_STRIP = NO;
				DEBUG_INFORMATION_FORMAT = "dwarf-with-dsym";
				ENABLE_NS_ASSERTIONS = NO;
				ENABLE_STRICT_OBJC_MSGSEND = YES;
				GCC_C_LANGUAGE_STANDARD = gnu11;
				GCC_NO_COMMON_BLOCKS = YES;
				GCC_WARN_64_TO_32_BIT_CONVERSION = YES;
				GCC_WARN_ABOUT_RETURN_TYPE = YES_ERROR;
				GCC_WARN_UNDECLARED_SELECTOR = YES;
				GCC_WARN_UNINITIALIZED_AUTOS = YES_AGGRESSIVE;
				GCC_WARN_UNUSED_FUNCTION = YES;
				GCC_WARN_UNUSED_VARIABLE = YES;
				IPHONEOS_DEPLOYMENT_TARGET = 11.3;
				MTL_ENABLE_DEBUG_INFO = NO;
				SDKROOT = iphoneos;
				SWIFT_COMPILATION_MODE = wholemodule;
				SWIFT_OPTIMIZATION_LEVEL = "-O";
				VALIDATE_PRODUCT = YES;
			};
			name = Release;
		};
		748ECDD320B2C2A600A413B9 /* Debug */ = {
			isa = XCBuildConfiguration;
			baseConfigurationReference = F2E0A4C0790275B7E2ED26C1 /* Pods-JTAppleCalendarExample.debug.xcconfig */;
			buildSettings = {
				ASSETCATALOG_COMPILER_APPICON_NAME = AppIcon;
				CODE_SIGN_STYLE = Automatic;
				DEVELOPMENT_TEAM = 38727NYDZQ;
				INFOPLIST_FILE = JTAppleCalendarExample/Info.plist;
				LD_RUNPATH_SEARCH_PATHS = (
					"$(inherited)",
					"@executable_path/Frameworks",
				);
				PRODUCT_BUNDLE_IDENTIFIER = com.jamoresortiz.JTAppleCalendarExample;
				PRODUCT_NAME = "$(TARGET_NAME)";
				SWIFT_VERSION = 4.0;
				TARGETED_DEVICE_FAMILY = "1,2";
			};
			name = Debug;
		};
		748ECDD420B2C2A600A413B9 /* Release */ = {
			isa = XCBuildConfiguration;
			baseConfigurationReference = 9C78634BEBBED9AF8A40D74A /* Pods-JTAppleCalendarExample.release.xcconfig */;
			buildSettings = {
				ASSETCATALOG_COMPILER_APPICON_NAME = AppIcon;
				CODE_SIGN_STYLE = Automatic;
				DEVELOPMENT_TEAM = 38727NYDZQ;
				INFOPLIST_FILE = JTAppleCalendarExample/Info.plist;
				LD_RUNPATH_SEARCH_PATHS = (
					"$(inherited)",
					"@executable_path/Frameworks",
				);
				PRODUCT_BUNDLE_IDENTIFIER = com.jamoresortiz.JTAppleCalendarExample;
				PRODUCT_NAME = "$(TARGET_NAME)";
				SWIFT_VERSION = 4.0;
				TARGETED_DEVICE_FAMILY = "1,2";
			};
			name = Release;
		};
/* End XCBuildConfiguration section */

/* Begin XCConfigurationList section */
		748ECDBB20B2C2A400A413B9 /* Build configuration list for PBXProject "JTAppleCalendarExample" */ = {
			isa = XCConfigurationList;
			buildConfigurations = (
				748ECDD020B2C2A600A413B9 /* Debug */,
				748ECDD120B2C2A600A413B9 /* Release */,
			);
			defaultConfigurationIsVisible = 0;
			defaultConfigurationName = Release;
		};
		748ECDD220B2C2A600A413B9 /* Build configuration list for PBXNativeTarget "JTAppleCalendarExample" */ = {
			isa = XCConfigurationList;
			buildConfigurations = (
				748ECDD320B2C2A600A413B9 /* Debug */,
				748ECDD420B2C2A600A413B9 /* Release */,
			);
			defaultConfigurationIsVisible = 0;
			defaultConfigurationName = Release;
		};
/* End XCConfigurationList section */
	};
	rootObject = 748ECDB820B2C2A400A413B9 /* Project object */;
}
