// !$*UTF8*$!
{
	archiveVersion = 1;
	classes = {
	};
	objectVersion = 50;
	objects = {

/* Begin PBXBuildFile section */
		1C5CAD4678A83AC1E533E2A7 /* Pods_SearchTextFieldExample.framework in Frameworks */ = {isa = PBXBuildFile; fileRef = F0EA3E6D0573AD5AF7089D3E /* Pods_SearchTextFieldExample.framework */; };
		74F3B4D220B691C00045CE72 /* AppDelegate.swift in Sources */ = {isa = PBXBuildFile; fileRef = 74F3B4D120B691C00045CE72 /* AppDelegate.swift */; };
		74F3B4D420B691C00045CE72 /* ViewController.swift in Sources */ = {isa = PBXBuildFile; fileRef = 74F3B4D320B691C00045CE72 /* ViewController.swift */; };
		74F3B4D720B691C00045CE72 /* Main.storyboard in Resources */ = {isa = PBXBuildFile; fileRef = 74F3B4D520B691C00045CE72 /* Main.storyboard */; };
		74F3B4D920B691C10045CE72 /* Assets.xcassets in Resources */ = {isa = PBXBuildFile; fileRef = 74F3B4D820B691C10045CE72 /* Assets.xcassets */; };
		74F3B4DC20B691C10045CE72 /* LaunchScreen.storyboard in Resources */ = {isa = PBXBuildFile; fileRef = 74F3B4DA20B691C10045CE72 /* LaunchScreen.storyboard */; };
/* End PBXBuildFile section */

/* Begin PBXFileReference section */
		055F4F970E1C9E0C53C82EF2 /* Pods-SearchTextFieldExample.debug.xcconfig */ = {isa = PBXFileReference; includeInIndex = 1; lastKnownFileType = text.xcconfig; name = "Pods-SearchTextFieldExample.debug.xcconfig"; path = "Pods/Target Support Files/Pods-SearchTextFieldExample/Pods-SearchTextFieldExample.debug.xcconfig"; sourceTree = "<group>"; };
		74F3B4CE20B691C00045CE72 /* SearchTextFieldExample.app */ = {isa = PBXFileReference; explicitFileType = wrapper.application; includeInIndex = 0; path = SearchTextFieldExample.app; sourceTree = BUILT_PRODUCTS_DIR; };
		74F3B4D120B691C00045CE72 /* AppDelegate.swift */ = {isa = PBXFileReference; lastKnownFileType = sourcecode.swift; path = AppDelegate.swift; sourceTree = "<group>"; };
		74F3B4D320B691C00045CE72 /* ViewController.swift */ = {isa = PBXFileReference; lastKnownFileType = sourcecode.swift; path = ViewController.swift; sourceTree = "<group>"; };
		74F3B4D620B691C00045CE72 /* Base */ = {isa = PBXFileReference; lastKnownFileType = file.storyboard; name = Base; path = Base.lproj/Main.storyboard; sourceTree = "<group>"; };
		74F3B4D820B691C10045CE72 /* Assets.xcassets */ = {isa = PBXFileReference; lastKnownFileType = folder.assetcatalog; path = Assets.xcassets; sourceTree = "<group>"; };
		74F3B4DB20B691C10045CE72 /* Base */ = {isa = PBXFileReference; lastKnownFileType = file.storyboard; name = Base; path = Base.lproj/LaunchScreen.storyboard; sourceTree = "<group>"; };
		74F3B4DD20B691C10045CE72 /* Info.plist */ = {isa = PBXFileReference; lastKnownFileType = text.plist.xml; path = Info.plist; sourceTree = "<group>"; };
		AF8F7B255C5EAC05CF1B876C /* Pods-SearchTextFieldExample.release.xcconfig */ = {isa = PBXFileReference; includeInIndex = 1; lastKnownFileType = text.xcconfig; name = "Pods-SearchTextFieldExample.release.xcconfig"; path = "Pods/Target Support Files/Pods-SearchTextFieldExample/Pods-SearchTextFieldExample.release.xcconfig"; sourceTree = "<group>"; };
		F0EA3E6D0573AD5AF7089D3E /* Pods_SearchTextFieldExample.framework */ = {isa = PBXFileReference; explicitFileType = wrapper.framework; includeInIndex = 0; path = Pods_SearchTextFieldExample.framework; sourceTree = BUILT_PRODUCTS_DIR; };
/* End PBXFileReference section */

/* Begin PBXFrameworksBuildPhase section */
		74F3B4CB20B691C00045CE72 /* Frameworks */ = {
			isa = PBXFrameworksBuildPhase;
			buildActionMask = 2147483647;
			files = (
				1C5CAD4678A83AC1E533E2A7 /* Pods_SearchTextFieldExample.framework in Frameworks */,
			);
			runOnlyForDeploymentPostprocessing = 0;
		};
/* End PBXFrameworksBuildPhase section */

/* Begin PBXGroup section */
		4B5EE48917FB76FDE4000DBD /* Pods */ = {
			isa = PBXGroup;
			children = (
				055F4F970E1C9E0C53C82EF2 /* Pods-SearchTextFieldExample.debug.xcconfig */,
				AF8F7B255C5EAC05CF1B876C /* Pods-SearchTextFieldExample.release.xcconfig */,
			);
			name = Pods;
			sourceTree = "<group>";
		};
		74F3B4C520B691C00045CE72 = {
			isa = PBXGroup;
			children = (
				74F3B4D020B691C00045CE72 /* SearchTextFieldExample */,
				74F3B4CF20B691C00045CE72 /* Products */,
				4B5EE48917FB76FDE4000DBD /* Pods */,
				B3F1D082BD593876C49DFBA9 /* Frameworks */,
			);
			sourceTree = "<group>";
		};
		74F3B4CF20B691C00045CE72 /* Products */ = {
			isa = PBXGroup;
			children = (
				74F3B4CE20B691C00045CE72 /* SearchTextFieldExample.app */,
			);
			name = Products;
			sourceTree = "<group>";
		};
		74F3B4D020B691C00045CE72 /* SearchTextFieldExample */ = {
			isa = PBXGroup;
			children = (
				74F3B4D120B691C00045CE72 /* AppDelegate.swift */,
				74F3B4D320B691C00045CE72 /* ViewController.swift */,
				74F3B4D520B691C00045CE72 /* Main.storyboard */,
				74F3B4D820B691C10045CE72 /* Assets.xcassets */,
				74F3B4DA20B691C10045CE72 /* LaunchScreen.storyboard */,
				74F3B4DD20B691C10045CE72 /* Info.plist */,
			);
			path = SearchTextFieldExample;
			sourceTree = "<group>";
		};
		B3F1D082BD593876C49DFBA9 /* Frameworks */ = {
			isa = PBXGroup;
			children = (
				F0EA3E6D0573AD5AF7089D3E /* Pods_SearchTextFieldExample.framework */,
			);
			name = Frameworks;
			sourceTree = "<group>";
		};
/* End PBXGroup section */

/* Begin PBXNativeTarget section */
		74F3B4CD20B691C00045CE72 /* SearchTextFieldExample */ = {
			isa = PBXNativeTarget;
			buildConfigurationList = 74F3B4E020B691C10045CE72 /* Build configuration list for PBXNativeTarget "SearchTextFieldExample" */;
			buildPhases = (
				8CB5FE406531AA3A1275BFE0 /* [CP] Check Pods Manifest.lock */,
				74F3B4CA20B691C00045CE72 /* Sources */,
				74F3B4CB20B691C00045CE72 /* Frameworks */,
				74F3B4CC20B691C00045CE72 /* Resources */,
				5AF6EC32B597F1D82D6DA73A /* [CP] Embed Pods Frameworks */,
			);
			buildRules = (
			);
			dependencies = (
			);
			name = SearchTextFieldExample;
			productName = SearchTextFieldExample;
			productReference = 74F3B4CE20B691C00045CE72 /* SearchTextFieldExample.app */;
			productType = "com.apple.product-type.application";
		};
/* End PBXNativeTarget section */

/* Begin PBXProject section */
		74F3B4C620B691C00045CE72 /* Project object */ = {
			isa = PBXProject;
			attributes = {
				LastSwiftUpdateCheck = 0930;
				LastUpgradeCheck = 0930;
				ORGANIZATIONNAME = "Jorge Amores";
				TargetAttributes = {
					74F3B4CD20B691C00045CE72 = {
						CreatedOnToolsVersion = 9.3.1;
					};
				};
			};
			buildConfigurationList = 74F3B4C920B691C00045CE72 /* Build configuration list for PBXProject "SearchTextFieldExample" */;
			compatibilityVersion = "Xcode 9.3";
			developmentRegion = en;
			hasScannedForEncodings = 0;
			knownRegions = (
				en,
				Base,
			);
			mainGroup = 74F3B4C520B691C00045CE72;
			productRefGroup = 74F3B4CF20B691C00045CE72 /* Products */;
			projectDirPath = "";
			projectRoot = "";
			targets = (
				74F3B4CD20B691C00045CE72 /* SearchTextFieldExample */,
			);
		};
/* End PBXProject section */

/* Begin PBXResourcesBuildPhase section */
		74F3B4CC20B691C00045CE72 /* Resources */ = {
			isa = PBXResourcesBuildPhase;
			buildActionMask = 2147483647;
			files = (
				74F3B4DC20B691C10045CE72 /* LaunchScreen.storyboard in Resources */,
				74F3B4D920B691C10045CE72 /* Assets.xcassets in Resources */,
				74F3B4D720B691C00045CE72 /* Main.storyboard in Resources */,
			);
			runOnlyForDeploymentPostprocessing = 0;
		};
/* End PBXResourcesBuildPhase section */

/* Begin PBXShellScriptBuildPhase section */
		5AF6EC32B597F1D82D6DA73A /* [CP] Embed Pods Frameworks */ = {
			isa = PBXShellScriptBuildPhase;
			buildActionMask = 2147483647;
			files = (
			);
			inputPaths = (
				"${SRCROOT}/Pods/Target Support Files/Pods-SearchTextFieldExample/Pods-SearchTextFieldExample-frameworks.sh",
				"${BUILT_PRODUCTS_DIR}/SearchTextField/SearchTextField.framework",
			);
			name = "[CP] Embed Pods Frameworks";
			outputPaths = (
				"${TARGET_BUILD_DIR}/${FRAMEWORKS_FOLDER_PATH}/SearchTextField.framework",
			);
			runOnlyForDeploymentPostprocessing = 0;
			shellPath = /bin/sh;
			shellScript = "\"${SRCROOT}/Pods/Target Support Files/Pods-SearchTextFieldExample/Pods-SearchTextFieldExample-frameworks.sh\"\n";
			showEnvVarsInLog = 0;
		};
		8CB5FE406531AA3A1275BFE0 /* [CP] Check Pods Manifest.lock */ = {
			isa = PBXShellScriptBuildPhase;
			buildActionMask = 2147483647;
			files = (
			);
			inputPaths = (
				"${PODS_PODFILE_DIR_PATH}/Podfile.lock",
				"${PODS_ROOT}/Manifest.lock",
			);
			name = "[CP] Check Pods Manifest.lock";
			outputPaths = (
				"$(DERIVED_FILE_DIR)/Pods-SearchTextFieldExample-checkManifestLockResult.txt",
			);
			runOnlyForDeploymentPostprocessing = 0;
			shellPath = /bin/sh;
			shellScript = "diff \"${PODS_PODFILE_DIR_PATH}/Podfile.lock\" \"${PODS_ROOT}/Manifest.lock\" > /dev/null\nif [ $? != 0 ] ; then\n    # print error to STDERR\n    echo \"error: The sandbox is not in sync with the Podfile.lock. Run 'pod install' or update your CocoaPods installation.\" >&2\n    exit 1\nfi\n# This output is used by Xcode 'outputs' to avoid re-running this script phase.\necho \"SUCCESS\" > \"${SCRIPT_OUTPUT_FILE_0}\"\n";
			showEnvVarsInLog = 0;
		};
/* End PBXShellScriptBuildPhase section */

/* Begin PBXSourcesBuildPhase section */
		74F3B4CA20B691C00045CE72 /* Sources */ = {
			isa = PBXSourcesBuildPhase;
			buildActionMask = 2147483647;
			files = (
				74F3B4D420B691C00045CE72 /* ViewController.swift in Sources */,
				74F3B4D220B691C00045CE72 /* AppDelegate.swift in Sources */,
			);
			runOnlyForDeploymentPostprocessing = 0;
		};
/* End PBXSourcesBuildPhase section */

/* Begin PBXVariantGroup section */
		74F3B4D520B691C00045CE72 /* Main.storyboard */ = {
			isa = PBXVariantGroup;
			children = (
				74F3B4D620B691C00045CE72 /* Base */,
			);
			name = Main.storyboard;
			sourceTree = "<group>";
		};
		74F3B4DA20B691C10045CE72 /* LaunchScreen.storyboard */ = {
			isa = PBXVariantGroup;
			children = (
				74F3B4DB20B691C10045CE72 /* Base */,
			);
			name = LaunchScreen.storyboard;
			sourceTree = "<group>";
		};
/* End PBXVariantGroup section */

/* Begin XCBuildConfiguration section */
		74F3B4DE20B691C10045CE72 /* Debug */ = {
			isa = XCBuildConfiguration;
			buildSettings = {
				ALWAYS_SEARCH_USER_PATHS = NO;
				CLANG_ANALYZER_NONNULL = YES;
				CLANG_ANALYZER_NUMBER_OBJECT_CONVERSION = YES_AGGRESSIVE;
				CLANG_CXX_LANGUAGE_STANDARD = "gnu++14";
				CLANG_CXX_LIBRARY = "libc++";
				CLANG_ENABLE_MODULES = YES;
				CLANG_ENABLE_OBJC_ARC = YES;
				CLANG_ENABLE_OBJC_WEAK = YES;
				CLANG_WARN_BLOCK_CAPTURE_AUTORELEASING = YES;
				CLANG_WARN_BOOL_CONVERSION = YES;
				CLANG_WARN_COMMA = YES;
				CLANG_WARN_CONSTANT_CONVERSION = YES;
				CLANG_WARN_DEPRECATED_OBJC_IMPLEMENTATIONS = YES;
				CLANG_WARN_DIRECT_OBJC_ISA_USAGE = YES_ERROR;
				CLANG_WARN_DOCUMENTATION_COMMENTS = YES;
				CLANG_WARN_EMPTY_BODY = YES;
				CLANG_WARN_ENUM_CONVERSION = YES;
				CLANG_WARN_INFINITE_RECURSION = YES;
				CLANG_WARN_INT_CONVERSION = YES;
				CLANG_WARN_NON_LITERAL_NULL_CONVERSION = YES;
				CLANG_WARN_OBJC_IMPLICIT_RETAIN_SELF = YES;
				CLANG_WARN_OBJC_LITERAL_CONVERSION = YES;
				CLANG_WARN_OBJC_ROOT_CLASS = YES_ERROR;
				CLANG_WARN_RANGE_LOOP_ANALYSIS = YES;
				CLANG_WARN_STRICT_PROTOTYPES = YES;
				CLANG_WARN_SUSPICIOUS_MOVE = YES;
				CLANG_WARN_UNGUARDED_AVAILABILITY = YES_AGGRESSIVE;
				CLANG_WARN_UNREACHABLE_CODE = YES;
				CLANG_WARN__DUPLICATE_METHOD_MATCH = YES;
				CODE_SIGN_IDENTITY = "iPhone Developer";
				COPY_PHASE_STRIP = NO;
				DEBUG_INFORMATION_FORMAT = dwarf;
				ENABLE_STRICT_OBJC_MSGSEND = YES;
				ENABLE_TESTABILITY = YES;
				GCC_C_LANGUAGE_STANDARD = gnu11;
				GCC_DYNAMIC_NO_PIC = NO;
				GCC_NO_COMMON_BLOCKS = YES;
				GCC_OPTIMIZATION_LEVEL = 0;
				GCC_PREPROCESSOR_DEFINITIONS = (
					"DEBUG=1",
					"$(inherited)",
				);
				GCC_WARN_64_TO_32_BIT_CONVERSION = YES;
				GCC_WARN_ABOUT_RETURN_TYPE = YES_ERROR;
				GCC_WARN_UNDECLARED_SELECTOR = YES;
				GCC_WARN_UNINITIALIZED_AUTOS = YES_AGGRESSIVE;
				GCC_WARN_UNUSED_FUNCTION = YES;
				GCC_WARN_UNUSED_VARIABLE = YES;
				IPHONEOS_DEPLOYMENT_TARGET = 11.3;
				MTL_ENABLE_DEBUG_INFO = YES;
				ONLY_ACTIVE_ARCH = YES;
				SDKROOT = iphoneos;
				SWIFT_ACTIVE_COMPILATION_CONDITIONS = DEBUG;
				SWIFT_OPTIMIZATION_LEVEL = "-Onone";
			};
			name = Debug;
		};
		74F3B4DF20B691C10045CE72 /* Release */ = {
			isa = XCBuildConfiguration;
			buildSettings = {
				ALWAYS_SEARCH_USER_PATHS = NO;
				CLANG_ANALYZER_NONNULL = YES;
				CLANG_ANALYZER_NUMBER_OBJECT_CONVERSION = YES_AGGRESSIVE;
				CLANG_CXX_LANGUAGE_STANDARD = "gnu++14";
				CLANG_CXX_LIBRARY = "libc++";
				CLANG_ENABLE_MODULES = YES;
				CLANG_ENABLE_OBJC_ARC = YES;
				CLANG_ENABLE_OBJC_WEAK = YES;
				CLANG_WARN_BLOCK_CAPTURE_AUTORELEASING = YES;
				CLANG_WARN_BOOL_CONVERSION = YES;
				CLANG_WARN_COMMA = YES;
				CLANG_WARN_CONSTANT_CONVERSION = YES;
				CLANG_WARN_DEPRECATED_OBJC_IMPLEMENTATIONS = YES;
				CLANG_WARN_DIRECT_OBJC_ISA_USAGE = YES_ERROR;
				CLANG_WARN_DOCUMENTATION_COMMENTS = YES;
				CLANG_WARN_EMPTY_BODY = YES;
				CLANG_WARN_ENUM_CONVERSION = YES;
				CLANG_WARN_INFINITE_RECURSION = YES;
				CLANG_WARN_INT_CONVERSION = YES;
				CLANG_WARN_NON_LITERAL_NULL_CONVERSION = YES;
				CLANG_WARN_OBJC_IMPLICIT_RETAIN_SELF = YES;
				CLANG_WARN_OBJC_LITERAL_CONVERSION = YES;
				CLANG_WARN_OBJC_ROOT_CLASS = YES_ERROR;
				CLANG_WARN_RANGE_LOOP_ANALYSIS = YES;
				CLANG_WARN_STRICT_PROTOTYPES = YES;
				CLANG_WARN_SUSPICIOUS_MOVE = YES;
				CLANG_WARN_UNGUARDED_AVAILABILITY = YES_AGGRESSIVE;
				CLANG_WARN_UNREACHABLE_CODE = YES;
				CLANG_WARN__DUPLICATE_METHOD_MATCH = YES;
				CODE_SIGN_IDENTITY = "iPhone Developer";
				COPY_PHASE_STRIP = NO;
				DEBUG_INFORMATION_FORMAT = "dwarf-with-dsym";
				ENABLE_NS_ASSERTIONS = NO;
				ENABLE_STRICT_OBJC_MSGSEND = YES;
				GCC_C_LANGUAGE_STANDARD = gnu11;
				GCC_NO_COMMON_BLOCKS = YES;
				GCC_WARN_64_TO_32_BIT_CONVERSION = YES;
				GCC_WARN_ABOUT_RETURN_TYPE = YES_ERROR;
				GCC_WARN_UNDECLARED_SELECTOR = YES;
				GCC_WARN_UNINITIALIZED_AUTOS = YES_AGGRESSIVE;
				GCC_WARN_UNUSED_FUNCTION = YES;
				GCC_WARN_UNUSED_VARIABLE = YES;
				IPHONEOS_DEPLOYMENT_TARGET = 11.3;
				MTL_ENABLE_DEBUG_INFO = NO;
				SDKROOT = iphoneos;
				SWIFT_COMPILATION_MODE = wholemodule;
				SWIFT_OPTIMIZATION_LEVEL = "-O";
				VALIDATE_PRODUCT = YES;
			};
			name = Release;
		};
		74F3B4E120B691C10045CE72 /* Debug */ = {
			isa = XCBuildConfiguration;
			baseConfigurationReference = 055F4F970E1C9E0C53C82EF2 /* Pods-SearchTextFieldExample.debug.xcconfig */;
			buildSettings = {
				ASSETCATALOG_COMPILER_APPICON_NAME = AppIcon;
				CODE_SIGN_STYLE = Automatic;
				DEVELOPMENT_TEAM = 38727NYDZQ;
				INFOPLIST_FILE = SearchTextFieldExample/Info.plist;
				LD_RUNPATH_SEARCH_PATHS = "$(inherited) @executable_path/Frameworks";
				PRODUCT_BUNDLE_IDENTIFIER = com.jamoresortiz.SearchTextFieldExample;
				PRODUCT_NAME = "$(TARGET_NAME)";
				SWIFT_VERSION = 4.0;
				TARGETED_DEVICE_FAMILY = "1,2";
			};
			name = Debug;
		};
		74F3B4E220B691C10045CE72 /* Release */ = {
			isa = XCBuildConfiguration;
			baseConfigurationReference = AF8F7B255C5EAC05CF1B876C /* Pods-SearchTextFieldExample.release.xcconfig */;
			buildSettings = {
				ASSETCATALOG_COMPILER_APPICON_NAME = AppIcon;
				CODE_SIGN_STYLE = Automatic;
				DEVELOPMENT_TEAM = 38727NYDZQ;
				INFOPLIST_FILE = SearchTextFieldExample/Info.plist;
				LD_RUNPATH_SEARCH_PATHS = "$(inherited) @executable_path/Frameworks";
				PRODUCT_BUNDLE_IDENTIFIER = com.jamoresortiz.SearchTextFieldExample;
				PRODUCT_NAME = "$(TARGET_NAME)";
				SWIFT_VERSION = 4.0;
				TARGETED_DEVICE_FAMILY = "1,2";
			};
			name = Release;
		};
/* End XCBuildConfiguration section */

/* Begin XCConfigurationList section */
		74F3B4C920B691C00045CE72 /* Build configuration list for PBXProject "SearchTextFieldExample" */ = {
			isa = XCConfigurationList;
			buildConfigurations = (
				74F3B4DE20B691C10045CE72 /* Debug */,
				74F3B4DF20B691C10045CE72 /* Release */,
			);
			defaultConfigurationIsVisible = 0;
			defaultConfigurationName = Release;
		};
		74F3B4E020B691C10045CE72 /* Build configuration list for PBXNativeTarget "SearchTextFieldExample" */ = {
			isa = XCConfigurationList;
			buildConfigurations = (
				74F3B4E120B691C10045CE72 /* Debug */,
				74F3B4E220B691C10045CE72 /* Release */,
			);
			defaultConfigurationIsVisible = 0;
			defaultConfigurationName = Release;
		};
/* End XCConfigurationList section */
	};
	rootObject = 74F3B4C620B691C00045CE72 /* Project object */;
}
